// !$*UTF8*$!
{
	archiveVersion = 1;
	classes = {
	};
	objectVersion = 48;
	objects = {

/* Begin PBXBuildFile section */
		287E053B20719B1F008F7479 /* ObjLoader.m in Sources */ = {isa = PBXBuildFile; fileRef = 287E053A20719B1F008F7479 /* ObjLoader.m */; };
		287E05422071F2AC008F7479 /* MazeGenerator.m in Sources */ = {isa = PBXBuildFile; fileRef = 287E05412071F2AC008F7479 /* MazeGenerator.m */; };
		287E05482072EA38008F7479 /* icosahedron.obj in Resources */ = {isa = PBXBuildFile; fileRef = 287E05472072EA38008F7479 /* icosahedron.obj */; };
		28F42061205633F900959A11 /* floor.png in Resources */ = {isa = PBXBuildFile; fileRef = 28F42060205633F800959A11 /* floor.png */; };
		28F420662056340300959A11 /* wall_neither.png in Resources */ = {isa = PBXBuildFile; fileRef = 28F420622056340200959A11 /* wall_neither.png */; };
		28F420672056340300959A11 /* wall_right.png in Resources */ = {isa = PBXBuildFile; fileRef = 28F420632056340300959A11 /* wall_right.png */; };
		28F420682056340300959A11 /* wall_both.png in Resources */ = {isa = PBXBuildFile; fileRef = 28F420642056340300959A11 /* wall_both.png */; };
		28F420692056340300959A11 /* wall_left.png in Resources */ = {isa = PBXBuildFile; fileRef = 28F420652056340300959A11 /* wall_left.png */; };
		8C67A0D520507C04002C8D8E /* Assets.xcassets in Resources */ = {isa = PBXBuildFile; fileRef = 8C67A0D420507C04002C8D8E /* Assets.xcassets */; };
		8C67A0DB20507C04002C8D8E /* main.m in Sources */ = {isa = PBXBuildFile; fileRef = 8C67A0DA20507C04002C8D8E /* main.m */; };
		8C67A0E320507C4E002C8D8E /* AppDelegate.m in Sources */ = {isa = PBXBuildFile; fileRef = 8C67A0E220507C4E002C8D8E /* AppDelegate.m */; };
		8C67A0EC20507C61002C8D8E /* Shader.vsh in Resources */ = {isa = PBXBuildFile; fileRef = 8C67A0E420507C60002C8D8E /* Shader.vsh */; };
		8C67A0ED20507C61002C8D8E /* Shader.fsh in Resources */ = {isa = PBXBuildFile; fileRef = 8C67A0E520507C60002C8D8E /* Shader.fsh */; };
		8C67A0EF20507C61002C8D8E /* Renderer.mm in Sources */ = {isa = PBXBuildFile; fileRef = 8C67A0E920507C61002C8D8E /* Renderer.mm */; };
		8C67A0F020507C61002C8D8E /* ViewController.m in Sources */ = {isa = PBXBuildFile; fileRef = 8C67A0EB20507C61002C8D8E /* ViewController.m */; };
		8C67A0F620507C68002C8D8E /* GLESRenderer.cpp in Sources */ = {isa = PBXBuildFile; fileRef = 8C67A0F420507C68002C8D8E /* GLESRenderer.cpp */; };
		8C67A0F820507D06002C8D8E /* Main.storyboard in Resources */ = {isa = PBXBuildFile; fileRef = 8C67A0F720507D06002C8D8E /* Main.storyboard */; };
		8C67A0FA20508232002C8D8E /* crate.jpg in Resources */ = {isa = PBXBuildFile; fileRef = 8C67A0F920508232002C8D8E /* crate.jpg */; };
/* End PBXBuildFile section */

/* Begin PBXFileReference section */
		287E053A20719B1F008F7479 /* ObjLoader.m */ = {isa = PBXFileReference; lastKnownFileType = sourcecode.c.objc; path = ObjLoader.m; sourceTree = "<group>"; };
		287E053C20719B3D008F7479 /* ObjLoader.h */ = {isa = PBXFileReference; lastKnownFileType = sourcecode.c.h; path = ObjLoader.h; sourceTree = "<group>"; };
		287E05412071F2AC008F7479 /* MazeGenerator.m */ = {isa = PBXFileReference; lastKnownFileType = sourcecode.c.objc; path = MazeGenerator.m; sourceTree = "<group>"; };
		287E05432071F2BD008F7479 /* MazeGenerator.h */ = {isa = PBXFileReference; lastKnownFileType = sourcecode.c.h; path = MazeGenerator.h; sourceTree = "<group>"; };
		287E05472072EA38008F7479 /* icosahedron.obj */ = {isa = PBXFileReference; lastKnownFileType = text; path = icosahedron.obj; sourceTree = "<group>"; };
		28F42060205633F800959A11 /* floor.png */ = {isa = PBXFileReference; lastKnownFileType = image.png; path = floor.png; sourceTree = "<group>"; };
		28F420622056340200959A11 /* wall_neither.png */ = {isa = PBXFileReference; lastKnownFileType = image.png; path = wall_neither.png; sourceTree = "<group>"; };
		28F420632056340300959A11 /* wall_right.png */ = {isa = PBXFileReference; lastKnownFileType = image.png; path = wall_right.png; sourceTree = "<group>"; };
		28F420642056340300959A11 /* wall_both.png */ = {isa = PBXFileReference; lastKnownFileType = image.png; path = wall_both.png; sourceTree = "<group>"; };
		28F420652056340300959A11 /* wall_left.png */ = {isa = PBXFileReference; lastKnownFileType = image.png; path = wall_left.png; sourceTree = "<group>"; };
		8C67A0C820507C04002C8D8E /* Comp 8051 A3 - Maze.app */ = {isa = PBXFileReference; explicitFileType = wrapper.application; includeInIndex = 0; path = "Comp 8051 A3 - Maze.app"; sourceTree = BUILT_PRODUCTS_DIR; };
		8C67A0D420507C04002C8D8E /* Assets.xcassets */ = {isa = PBXFileReference; lastKnownFileType = folder.assetcatalog; path = Assets.xcassets; sourceTree = "<group>"; };
		8C67A0D920507C04002C8D8E /* Info.plist */ = {isa = PBXFileReference; lastKnownFileType = text.plist.xml; path = Info.plist; sourceTree = "<group>"; };
		8C67A0DA20507C04002C8D8E /* main.m */ = {isa = PBXFileReference; lastKnownFileType = sourcecode.c.objc; path = main.m; sourceTree = "<group>"; };
		8C67A0E120507C4D002C8D8E /* AppDelegate.h */ = {isa = PBXFileReference; fileEncoding = 4; lastKnownFileType = sourcecode.c.h; path = AppDelegate.h; sourceTree = "<group>"; };
		8C67A0E220507C4E002C8D8E /* AppDelegate.m */ = {isa = PBXFileReference; fileEncoding = 4; lastKnownFileType = sourcecode.c.objc; path = AppDelegate.m; sourceTree = "<group>"; };
		8C67A0E420507C60002C8D8E /* Shader.vsh */ = {isa = PBXFileReference; fileEncoding = 4; lastKnownFileType = sourcecode.glsl; path = Shader.vsh; sourceTree = "<group>"; };
		8C67A0E520507C60002C8D8E /* Shader.fsh */ = {isa = PBXFileReference; fileEncoding = 4; lastKnownFileType = sourcecode.glsl; path = Shader.fsh; sourceTree = "<group>"; };
		8C67A0E620507C61002C8D8E /* Renderer.h */ = {isa = PBXFileReference; fileEncoding = 4; lastKnownFileType = sourcecode.c.h; path = Renderer.h; sourceTree = "<group>"; };
		8C67A0E720507C61002C8D8E /* ViewController.h */ = {isa = PBXFileReference; fileEncoding = 4; lastKnownFileType = sourcecode.c.h; path = ViewController.h; sourceTree = "<group>"; };
		8C67A0E920507C61002C8D8E /* Renderer.mm */ = {isa = PBXFileReference; fileEncoding = 4; lastKnownFileType = sourcecode.cpp.objcpp; path = Renderer.mm; sourceTree = "<group>"; };
		8C67A0EB20507C61002C8D8E /* ViewController.m */ = {isa = PBXFileReference; fileEncoding = 4; lastKnownFileType = sourcecode.c.objc; path = ViewController.m; sourceTree = "<group>"; };
		8C67A0F320507C68002C8D8E /* GLESRenderer.hpp */ = {isa = PBXFileReference; fileEncoding = 4; lastKnownFileType = sourcecode.cpp.h; path = GLESRenderer.hpp; sourceTree = "<group>"; };
		8C67A0F420507C68002C8D8E /* GLESRenderer.cpp */ = {isa = PBXFileReference; fileEncoding = 4; lastKnownFileType = sourcecode.cpp.cpp; path = GLESRenderer.cpp; sourceTree = "<group>"; };
		8C67A0F720507D06002C8D8E /* Main.storyboard */ = {isa = PBXFileReference; fileEncoding = 4; lastKnownFileType = file.storyboard; path = Main.storyboard; sourceTree = "<group>"; };
		8C67A0F920508232002C8D8E /* crate.jpg */ = {isa = PBXFileReference; lastKnownFileType = image.jpeg; path = crate.jpg; sourceTree = "<group>"; };
/* End PBXFileReference section */

/* Begin PBXFrameworksBuildPhase section */
		8C67A0C520507C04002C8D8E /* Frameworks */ = {
			isa = PBXFrameworksBuildPhase;
			buildActionMask = 2147483647;
			files = (
			);
			runOnlyForDeploymentPostprocessing = 0;
		};
/* End PBXFrameworksBuildPhase section */

/* Begin PBXGroup section */
		287E0544207203C5008F7479 /* Textures */ = {
			isa = PBXGroup;
			children = (
				8C67A0F920508232002C8D8E /* crate.jpg */,
				28F42060205633F800959A11 /* floor.png */,
				28F420642056340300959A11 /* wall_both.png */,
				28F420652056340300959A11 /* wall_left.png */,
				28F420622056340200959A11 /* wall_neither.png */,
				28F420632056340300959A11 /* wall_right.png */,
			);
			path = Textures;
			sourceTree = "<group>";
		};
		287E0545207203EC008F7479 /* Shaders */ = {
			isa = PBXGroup;
			children = (
				8C67A0E420507C60002C8D8E /* Shader.vsh */,
				8C67A0E520507C60002C8D8E /* Shader.fsh */,
			);
			path = Shaders;
			sourceTree = "<group>";
		};
		287E05462072EA1D008F7479 /* Models */ = {
			isa = PBXGroup;
			children = (
				287E05472072EA38008F7479 /* icosahedron.obj */,
			);
			path = Models;
			sourceTree = "<group>";
		};
		8C67A0BF20507C04002C8D8E = {
			isa = PBXGroup;
			children = (
				8C67A0CA20507C04002C8D8E /* Comp 8051 A3 - Maze */,
				8C67A0C920507C04002C8D8E /* Products */,
			);
			sourceTree = "<group>";
		};
		8C67A0C920507C04002C8D8E /* Products */ = {
			isa = PBXGroup;
			children = (
				8C67A0C820507C04002C8D8E /* Comp 8051 A3 - Maze.app */,
			);
			name = Products;
			sourceTree = "<group>";
		};
		8C67A0CA20507C04002C8D8E /* Comp 8051 A3 - Maze */ = {
			isa = PBXGroup;
			children = (
				287E05462072EA1D008F7479 /* Models */,
				287E0545207203EC008F7479 /* Shaders */,
				287E0544207203C5008F7479 /* Textures */,
				8C67A0E620507C61002C8D8E /* Renderer.h */,
				8C67A0E920507C61002C8D8E /* Renderer.mm */,
				8C67A0F720507D06002C8D8E /* Main.storyboard */,
				8C67A0F420507C68002C8D8E /* GLESRenderer.cpp */,
				8C67A0F320507C68002C8D8E /* GLESRenderer.hpp */,
				8C67A0E720507C61002C8D8E /* ViewController.h */,
				8C67A0EB20507C61002C8D8E /* ViewController.m */,
				8C67A0E120507C4D002C8D8E /* AppDelegate.h */,
				8C67A0E220507C4E002C8D8E /* AppDelegate.m */,
				8C67A0D420507C04002C8D8E /* Assets.xcassets */,
				8C67A0D920507C04002C8D8E /* Info.plist */,
				8C67A0DA20507C04002C8D8E /* main.m */,
				287E053A20719B1F008F7479 /* ObjLoader.m */,
				287E053C20719B3D008F7479 /* ObjLoader.h */,
				287E05432071F2BD008F7479 /* MazeGenerator.h */,
				287E05412071F2AC008F7479 /* MazeGenerator.m */,
			);
			path = "Comp 8051 A3 - Maze";
			sourceTree = "<group>";
		};
/* End PBXGroup section */

/* Begin PBXNativeTarget section */
		8C67A0C720507C04002C8D8E /* Comp 8051 A3 - Maze */ = {
			isa = PBXNativeTarget;
			buildConfigurationList = 8C67A0DE20507C04002C8D8E /* Build configuration list for PBXNativeTarget "Comp 8051 A3 - Maze" */;
			buildPhases = (
				8C67A0C420507C04002C8D8E /* Sources */,
				8C67A0C520507C04002C8D8E /* Frameworks */,
				8C67A0C620507C04002C8D8E /* Resources */,
			);
			buildRules = (
			);
			dependencies = (
			);
			name = "Comp 8051 A3 - Maze";
			productName = "Comp 8081 A2 - Maze";
			productReference = 8C67A0C820507C04002C8D8E /* Comp 8051 A3 - Maze.app */;
			productType = "com.apple.product-type.application";
		};
/* End PBXNativeTarget section */

/* Begin PBXProject section */
		8C67A0C020507C04002C8D8E /* Project object */ = {
			isa = PBXProject;
			attributes = {
				LastUpgradeCheck = 0920;
				ORGANIZATIONNAME = SwordArt;
				TargetAttributes = {
					8C67A0C720507C04002C8D8E = {
						CreatedOnToolsVersion = 9.2;
						ProvisioningStyle = Automatic;
					};
				};
			};
			buildConfigurationList = 8C67A0C320507C04002C8D8E /* Build configuration list for PBXProject "Comp 8051 A3 - Maze" */;
			compatibilityVersion = "Xcode 8.0";
			developmentRegion = en;
			hasScannedForEncodings = 0;
			knownRegions = (
				en,
				Base,
			);
			mainGroup = 8C67A0BF20507C04002C8D8E;
			productRefGroup = 8C67A0C920507C04002C8D8E /* Products */;
			projectDirPath = "";
			projectRoot = "";
			targets = (
				8C67A0C720507C04002C8D8E /* Comp 8051 A3 - Maze */,
			);
		};
/* End PBXProject section */

/* Begin PBXResourcesBuildPhase section */
		8C67A0C620507C04002C8D8E /* Resources */ = {
			isa = PBXResourcesBuildPhase;
			buildActionMask = 2147483647;
			files = (
				8C67A0EC20507C61002C8D8E /* Shader.vsh in Resources */,
				28F420662056340300959A11 /* wall_neither.png in Resources */,
				28F420672056340300959A11 /* wall_right.png in Resources */,
				28F420692056340300959A11 /* wall_left.png in Resources */,
				287E05482072EA38008F7479 /* icosahedron.obj in Resources */,
				28F42061205633F900959A11 /* floor.png in Resources */,
				8C67A0F820507D06002C8D8E /* Main.storyboard in Resources */,
				28F420682056340300959A11 /* wall_both.png in Resources */,
				8C67A0FA20508232002C8D8E /* crate.jpg in Resources */,
				8C67A0D520507C04002C8D8E /* Assets.xcassets in Resources */,
				8C67A0ED20507C61002C8D8E /* Shader.fsh in Resources */,
			);
			runOnlyForDeploymentPostprocessing = 0;
		};
/* End PBXResourcesBuildPhase section */

/* Begin PBXSourcesBuildPhase section */
		8C67A0C420507C04002C8D8E /* Sources */ = {
			isa = PBXSourcesBuildPhase;
			buildActionMask = 2147483647;
			files = (
				287E05422071F2AC008F7479 /* MazeGenerator.m in Sources */,
				287E053B20719B1F008F7479 /* ObjLoader.m in Sources */,
				8C67A0E320507C4E002C8D8E /* AppDelegate.m in Sources */,
				8C67A0F620507C68002C8D8E /* GLESRenderer.cpp in Sources */,
				8C67A0DB20507C04002C8D8E /* main.m in Sources */,
				8C67A0EF20507C61002C8D8E /* Renderer.mm in Sources */,
				8C67A0F020507C61002C8D8E /* ViewController.m in Sources */,
			);
			runOnlyForDeploymentPostprocessing = 0;
		};
/* End PBXSourcesBuildPhase section */

/* Begin XCBuildConfiguration section */
		8C67A0DC20507C04002C8D8E /* Debug */ = {
			isa = XCBuildConfiguration;
			buildSettings = {
				ALWAYS_SEARCH_USER_PATHS = NO;
				CLANG_ANALYZER_NONNULL = YES;
				CLANG_ANALYZER_NUMBER_OBJECT_CONVERSION = YES_AGGRESSIVE;
				CLANG_CXX_LANGUAGE_STANDARD = "gnu++14";
				CLANG_CXX_LIBRARY = "libc++";
				CLANG_ENABLE_MODULES = YES;
				CLANG_ENABLE_OBJC_ARC = YES;
				CLANG_WARN_BLOCK_CAPTURE_AUTORELEASING = YES;
				CLANG_WARN_BOOL_CONVERSION = YES;
				CLANG_WARN_COMMA = YES;
				CLANG_WARN_CONSTANT_CONVERSION = YES;
				CLANG_WARN_DIRECT_OBJC_ISA_USAGE = YES_ERROR;
				CLANG_WARN_DOCUMENTATION_COMMENTS = YES;
				CLANG_WARN_EMPTY_BODY = YES;
				CLANG_WARN_ENUM_CONVERSION = YES;
				CLANG_WARN_INFINITE_RECURSION = YES;
				CLANG_WARN_INT_CONVERSION = YES;
				CLANG_WARN_NON_LITERAL_NULL_CONVERSION = YES;
				CLANG_WARN_OBJC_LITERAL_CONVERSION = YES;
				CLANG_WARN_OBJC_ROOT_CLASS = YES_ERROR;
				CLANG_WARN_RANGE_LOOP_ANALYSIS = YES;
				CLANG_WARN_STRICT_PROTOTYPES = YES;
				CLANG_WARN_SUSPICIOUS_MOVE = YES;
				CLANG_WARN_UNGUARDED_AVAILABILITY = YES_AGGRESSIVE;
				CLANG_WARN_UNREACHABLE_CODE = YES;
				CLANG_WARN__DUPLICATE_METHOD_MATCH = YES;
				CODE_SIGN_IDENTITY = "iPhone Developer";
				COPY_PHASE_STRIP = NO;
				DEBUG_INFORMATION_FORMAT = dwarf;
				ENABLE_STRICT_OBJC_MSGSEND = YES;
				ENABLE_TESTABILITY = YES;
				GCC_C_LANGUAGE_STANDARD = gnu11;
				GCC_DYNAMIC_NO_PIC = NO;
				GCC_NO_COMMON_BLOCKS = YES;
				GCC_OPTIMIZATION_LEVEL = 0;
				GCC_PREPROCESSOR_DEFINITIONS = (
					"DEBUG=1",
					"$(inherited)",
				);
				GCC_WARN_64_TO_32_BIT_CONVERSION = YES;
				GCC_WARN_ABOUT_RETURN_TYPE = YES_ERROR;
				GCC_WARN_UNDECLARED_SELECTOR = YES;
				GCC_WARN_UNINITIALIZED_AUTOS = YES_AGGRESSIVE;
				GCC_WARN_UNUSED_FUNCTION = YES;
				GCC_WARN_UNUSED_VARIABLE = YES;
				IPHONEOS_DEPLOYMENT_TARGET = 11.2;
				MTL_ENABLE_DEBUG_INFO = YES;
				ONLY_ACTIVE_ARCH = YES;
				SDKROOT = iphoneos;
			};
			name = Debug;
		};
		8C67A0DD20507C04002C8D8E /* Release */ = {
			isa = XCBuildConfiguration;
			buildSettings = {
				ALWAYS_SEARCH_USER_PATHS = NO;
				CLANG_ANALYZER_NONNULL = YES;
				CLANG_ANALYZER_NUMBER_OBJECT_CONVERSION = YES_AGGRESSIVE;
				CLANG_CXX_LANGUAGE_STANDARD = "gnu++14";
				CLANG_CXX_LIBRARY = "libc++";
				CLANG_ENABLE_MODULES = YES;
				CLANG_ENABLE_OBJC_ARC = YES;
				CLANG_WARN_BLOCK_CAPTURE_AUTORELEASING = YES;
				CLANG_WARN_BOOL_CONVERSION = YES;
				CLANG_WARN_COMMA = YES;
				CLANG_WARN_CONSTANT_CONVERSION = YES;
				CLANG_WARN_DIRECT_OBJC_ISA_USAGE = YES_ERROR;
				CLANG_WARN_DOCUMENTATION_COMMENTS = YES;
				CLANG_WARN_EMPTY_BODY = YES;
				CLANG_WARN_ENUM_CONVERSION = YES;
				CLANG_WARN_INFINITE_RECURSION = YES;
				CLANG_WARN_INT_CONVERSION = YES;
				CLANG_WARN_NON_LITERAL_NULL_CONVERSION = YES;
				CLANG_WARN_OBJC_LITERAL_CONVERSION = YES;
				CLANG_WARN_OBJC_ROOT_CLASS = YES_ERROR;
				CLANG_WARN_RANGE_LOOP_ANALYSIS = YES;
				CLANG_WARN_STRICT_PROTOTYPES = YES;
				CLANG_WARN_SUSPICIOUS_MOVE = YES;
				CLANG_WARN_UNGUARDED_AVAILABILITY = YES_AGGRESSIVE;
				CLANG_WARN_UNREACHABLE_CODE = YES;
				CLANG_WARN__DUPLICATE_METHOD_MATCH = YES;
				CODE_SIGN_IDENTITY = "iPhone Developer";
				COPY_PHASE_STRIP = NO;
				DEBUG_INFORMATION_FORMAT = "dwarf-with-dsym";
				ENABLE_NS_ASSERTIONS = NO;
				ENABLE_STRICT_OBJC_MSGSEND = YES;
				GCC_C_LANGUAGE_STANDARD = gnu11;
				GCC_NO_COMMON_BLOCKS = YES;
				GCC_WARN_64_TO_32_BIT_CONVERSION = YES;
				GCC_WARN_ABOUT_RETURN_TYPE = YES_ERROR;
				GCC_WARN_UNDECLARED_SELECTOR = YES;
				GCC_WARN_UNINITIALIZED_AUTOS = YES_AGGRESSIVE;
				GCC_WARN_UNUSED_FUNCTION = YES;
				GCC_WARN_UNUSED_VARIABLE = YES;
				IPHONEOS_DEPLOYMENT_TARGET = 11.2;
				MTL_ENABLE_DEBUG_INFO = NO;
				SDKROOT = iphoneos;
				VALIDATE_PRODUCT = YES;
			};
			name = Release;
		};
		8C67A0DF20507C04002C8D8E /* Debug */ = {
			isa = XCBuildConfiguration;
			buildSettings = {
				ASSETCATALOG_COMPILER_APPICON_NAME = AppIcon;
				CODE_SIGN_STYLE = Automatic;
				DEVELOPMENT_TEAM = LCGG6U56V4;
				INFOPLIST_FILE = "$(SRCROOT)/Comp 8051 A3 - Maze/Info.plist";
				IPHONEOS_DEPLOYMENT_TARGET = 11.0;
				LD_RUNPATH_SEARCH_PATHS = "$(inherited) @executable_path/Frameworks";
				PRODUCT_BUNDLE_IDENTIFIER = com.ibfbuswcnq.comp8051a3;
				PRODUCT_NAME = "$(TARGET_NAME)";
				TARGETED_DEVICE_FAMILY = 1;
			};
			name = Debug;
		};
		8C67A0E020507C04002C8D8E /* Release */ = {
			isa = XCBuildConfiguration;
			buildSettings = {
				ASSETCATALOG_COMPILER_APPICON_NAME = AppIcon;
				CODE_SIGN_STYLE = Automatic;
				DEVELOPMENT_TEAM = LCGG6U56V4;
				INFOPLIST_FILE = "$(SRCROOT)/Comp 8051 A3 - Maze/Info.plist";
				IPHONEOS_DEPLOYMENT_TARGET = 11.0;
				LD_RUNPATH_SEARCH_PATHS = "$(inherited) @executable_path/Frameworks";
				PRODUCT_BUNDLE_IDENTIFIER = com.ibfbuswcnq.comp8051a3;
				PRODUCT_NAME = "$(TARGET_NAME)";
				TARGETED_DEVICE_FAMILY = 1;
			};
			name = Release;
		};
/* End XCBuildConfiguration section */

/* Begin XCConfigurationList section */
		8C67A0C320507C04002C8D8E /* Build configuration list for PBXProject "Comp 8051 A3 - Maze" */ = {
			isa = XCConfigurationList;
			buildConfigurations = (
				8C67A0DC20507C04002C8D8E /* Debug */,
				8C67A0DD20507C04002C8D8E /* Release */,
			);
			defaultConfigurationIsVisible = 0;
			defaultConfigurationName = Release;
		};
		8C67A0DE20507C04002C8D8E /* Build configuration list for PBXNativeTarget "Comp 8051 A3 - Maze" */ = {
			isa = XCConfigurationList;
			buildConfigurations = (
				8C67A0DF20507C04002C8D8E /* Debug */,
				8C67A0E020507C04002C8D8E /* Release */,
			);
			defaultConfigurationIsVisible = 0;
			defaultConfigurationName = Release;
		};
/* End XCConfigurationList section */
	};
	rootObject = 8C67A0C020507C04002C8D8E /* Project object */;
}
